
Microsoft Visual Studio Solution File, Format Version 12.00
# Visual Studio Version 17
VisualStudioVersion = 17.4.33110.190
MinimumVisualStudioVersion = 10.0.40219.1
Project("{FAE04EC0-301F-11D3-BF4B-00C04F79EFBC}") = "FarmDesc", "FarmDesc\FarmDesc.csproj", "{8742C8EB-8700-49D6-A381-EBB24B1C14B3}"
EndProject
Global
	GlobalSection(SolutionConfigurationPlatforms) = preSolution
		Debug|Any CPU = Debug|Any CPU
		Release|Any CPU = Release|Any CPU
	EndGlobalSection
	GlobalSection(ProjectConfigurationPlatforms) = postSolution
		{8742C8EB-8700-49D6-A381-EBB24B1C14B3}.Debug|Any CPU.ActiveCfg = Debug|Any CPU
		{8742C8EB-8700-49D6-A381-EBB24B1C14B3}.Debug|Any CPU.Build.0 = Debug|Any CPU
		{8742C8EB-8700-49D6-A381-EBB24B1C14B3}.Release|Any CPU.ActiveCfg = Release|Any CPU
		{8742C8EB-8700-49D6-A381-EBB24B1C14B3}.Release|Any CPU.Build.0 = Release|Any CPU
	EndGlobalSection
	GlobalSection(SolutionProperties) = preSolution
		HideSolutionNode = FALSE
	EndGlobalSection
	GlobalSection(ExtensibilityGlobals) = postSolution
		SolutionGuid = {1BFD7E19-B5FB-4A4C-8287-6258A0A6376C}
	EndGlobalSection
EndGlobal
